# Auto-generated lockfile - DO NOT EDIT
version = 1
resource_count = 96

[[sources]]
name = "resources"
url = "https://github.com/aig787/agpm-resources.git"
fetched_at = "2025-12-10T23:56:52.725258+00:00"

[[agents]]
name = "local-deps/claude/agents/rust-doc-advanced"
path = "local-deps/claude/agents/rust-doc-advanced.md"
checksum = ""
installed_at = ".claude/agents/agpm/rust-doc-advanced.md"
dependencies = ["snippet:local-deps/snippets/agents/rust-doc-advanced"]
tool = "claude-code"
manifest_alias = "rust-doc-advanced"
applied_patches = {}

[agents.variant_inputs]

[[agents]]
name = "local-deps/claude/agents/rust-doc-standard"
path = "local-deps/claude/agents/rust-doc-standard.md"
checksum = ""
installed_at = ".claude/agents/agpm/rust-doc-standard.md"
dependencies = ["snippet:local-deps/snippets/agents/rust-doc-standard"]
tool = "claude-code"
manifest_alias = "rust-doc-standard"
applied_patches = {}

[agents.variant_inputs]

[[agents]]
name = "local-deps/claude/agents/rust-expert-advanced"
path = "local-deps/claude/agents/rust-expert-advanced.md"
checksum = ""
installed_at = ".claude/agents/agpm/rust-expert-advanced.md"
dependencies = ["snippet:local-deps/snippets/agents/rust-expert-advanced"]
tool = "claude-code"
manifest_alias = "rust-expert-advanced"
applied_patches = {}

[agents.variant_inputs]

[[agents]]
name = "local-deps/claude/agents/rust-expert-standard"
path = "local-deps/claude/agents/rust-expert-standard.md"
checksum = ""
installed_at = ".claude/agents/agpm/rust-expert-standard.md"
dependencies = ["snippet:local-deps/snippets/agents/rust-expert-standard"]
tool = "claude-code"
manifest_alias = "rust-expert-standard"
applied_patches = {}

[agents.variant_inputs]

[[agents]]
name = "local-deps/claude/agents/rust-linting-advanced"
path = "local-deps/claude/agents/rust-linting-advanced.md"
checksum = ""
installed_at = ".claude/agents/agpm/rust-linting-advanced.md"
dependencies = ["snippet:local-deps/snippets/agents/rust-linting-advanced"]
tool = "claude-code"
manifest_alias = "rust-linting-advanced"
applied_patches = {}

[agents.variant_inputs]

[[agents]]
name = "local-deps/claude/agents/rust-linting-standard"
path = "local-deps/claude/agents/rust-linting-standard.md"
checksum = ""
installed_at = ".claude/agents/agpm/rust-linting-standard.md"
dependencies = ["snippet:local-deps/snippets/agents/rust-linting-standard"]
tool = "claude-code"
manifest_alias = "rust-linting-standard"
applied_patches = {}

[agents.variant_inputs]

[[agents]]
name = "local-deps/claude/agents/rust-test-advanced"
path = "local-deps/claude/agents/rust-test-advanced.md"
checksum = ""
installed_at = ".claude/agents/agpm/rust-test-advanced.md"
dependencies = ["snippet:local-deps/snippets/agents/rust-test-advanced"]
tool = "claude-code"
manifest_alias = "rust-test-advanced"
applied_patches = {}

[agents.variant_inputs]

[[agents]]
name = "local-deps/claude/agents/rust-test-standard"
path = "local-deps/claude/agents/rust-test-standard.md"
checksum = ""
installed_at = ".claude/agents/agpm/rust-test-standard.md"
dependencies = ["snippet:local-deps/snippets/agents/rust-test-standard"]
tool = "claude-code"
manifest_alias = "rust-test-standard"
applied_patches = {}

[agents.variant_inputs]

[[agents]]
name = "local-deps/claude/agents/rust-troubleshooter-advanced"
path = "local-deps/claude/agents/rust-troubleshooter-advanced.md"
checksum = ""
installed_at = ".claude/agents/agpm/rust-troubleshooter-advanced.md"
dependencies = ["snippet:local-deps/snippets/agents/rust-troubleshooter-advanced"]
tool = "claude-code"
manifest_alias = "rust-troubleshooter-advanced"
applied_patches = {}

[agents.variant_inputs]

[[agents]]
name = "local-deps/claude/agents/rust-troubleshooter-standard"
path = "local-deps/claude/agents/rust-troubleshooter-standard.md"
checksum = ""
installed_at = ".claude/agents/agpm/rust-troubleshooter-standard.md"
dependencies = ["snippet:local-deps/snippets/agents/rust-troubleshooter-standard"]
tool = "claude-code"
manifest_alias = "rust-troubleshooter-standard"
applied_patches = {}

[agents.variant_inputs]

[[agents]]
name = "local-deps/opencode/agent/rust-doc-advanced"
path = "local-deps/opencode/agent/rust-doc-advanced.md"
checksum = ""
installed_at = ".opencode/agent/agpm/rust-doc-advanced.md"
dependencies = ["snippet:local-deps/snippets/agents/rust-doc-advanced"]
tool = "opencode"
manifest_alias = "opencode-rust-doc-advanced"
applied_patches = {}

[agents.variant_inputs]

[[agents]]
name = "local-deps/opencode/agent/rust-doc-standard"
path = "local-deps/opencode/agent/rust-doc-standard.md"
checksum = ""
installed_at = ".opencode/agent/agpm/rust-doc-standard.md"
dependencies = ["snippet:local-deps/snippets/agents/rust-doc-standard"]
tool = "opencode"
manifest_alias = "opencode-rust-doc-standard"
applied_patches = {}

[agents.variant_inputs]

[[agents]]
name = "local-deps/opencode/agent/rust-expert"
path = "local-deps/opencode/agent/rust-expert.md"
checksum = ""
installed_at = ".opencode/agent/agpm/rust-expert.md"
dependencies = ["snippet:local-deps/snippets/agents/rust-expert"]
tool = "opencode"
manifest_alias = "opencode-rust-expert"
applied_patches = {}

[agents.variant_inputs]

[[agents]]
name = "local-deps/opencode/agent/rust-expert-advanced"
path = "local-deps/opencode/agent/rust-expert-advanced.md"
checksum = ""
installed_at = ".opencode/agent/agpm/rust-expert-advanced.md"
dependencies = ["snippet:local-deps/snippets/agents/rust-expert-advanced"]
tool = "opencode"
manifest_alias = "opencode-rust-expert-advanced"
applied_patches = {}

[agents.variant_inputs]

[[agents]]
name = "local-deps/opencode/agent/rust-expert-standard"
path = "local-deps/opencode/agent/rust-expert-standard.md"
checksum = ""
installed_at = ".opencode/agent/agpm/rust-expert-standard.md"
dependencies = ["snippet:local-deps/snippets/agents/rust-expert-standard"]
tool = "opencode"
manifest_alias = "opencode-rust-expert-standard"
applied_patches = {}

[agents.variant_inputs]

[[agents]]
name = "local-deps/opencode/agent/rust-linting-advanced"
path = "local-deps/opencode/agent/rust-linting-advanced.md"
checksum = ""
installed_at = ".opencode/agent/agpm/rust-linting-advanced.md"
dependencies = ["snippet:local-deps/snippets/agents/rust-linting-advanced"]
tool = "opencode"
manifest_alias = "opencode-rust-linting-advanced"
applied_patches = {}

[agents.variant_inputs]

[[agents]]
name = "local-deps/opencode/agent/rust-linting-standard"
path = "local-deps/opencode/agent/rust-linting-standard.md"
checksum = ""
installed_at = ".opencode/agent/agpm/rust-linting-standard.md"
dependencies = ["snippet:local-deps/snippets/agents/rust-linting-standard"]
tool = "opencode"
manifest_alias = "opencode-rust-linting-standard"
applied_patches = {}

[agents.variant_inputs]

[[agents]]
name = "local-deps/opencode/agent/rust-test-advanced"
path = "local-deps/opencode/agent/rust-test-advanced.md"
checksum = ""
installed_at = ".opencode/agent/agpm/rust-test-advanced.md"
dependencies = ["snippet:local-deps/snippets/agents/rust-test-advanced"]
tool = "opencode"
manifest_alias = "opencode-rust-test-advanced"
applied_patches = {}

[agents.variant_inputs]

[[agents]]
name = "local-deps/opencode/agent/rust-test-standard"
path = "local-deps/opencode/agent/rust-test-standard.md"
checksum = ""
installed_at = ".opencode/agent/agpm/rust-test-standard.md"
dependencies = ["snippet:local-deps/snippets/agents/rust-test-standard"]
tool = "opencode"
manifest_alias = "opencode-rust-test-standard"
applied_patches = {}

[agents.variant_inputs]

[[agents]]
name = "local-deps/opencode/agent/rust-troubleshooter-advanced"
path = "local-deps/opencode/agent/rust-troubleshooter-advanced.md"
checksum = ""
installed_at = ".opencode/agent/agpm/rust-troubleshooter-advanced.md"
dependencies = ["snippet:local-deps/snippets/agents/rust-troubleshooter-advanced"]
tool = "opencode"
manifest_alias = "opencode-rust-troubleshooter-advanced"
applied_patches = {}

[agents.variant_inputs]

[[agents]]
name = "local-deps/opencode/agent/rust-troubleshooter-standard"
path = "local-deps/opencode/agent/rust-troubleshooter-standard.md"
checksum = ""
installed_at = ".opencode/agent/agpm/rust-troubleshooter-standard.md"
dependencies = ["snippet:local-deps/snippets/agents/rust-troubleshooter-standard"]
tool = "opencode"
manifest_alias = "opencode-rust-troubleshooter-standard"
applied_patches = {}

[agents.variant_inputs]

[[snippets]]
name = "local-deps/snippets/agents/rust-doc-advanced"
path = "local-deps/snippets/agents/rust-doc-advanced.md"
checksum = ""
installed_at = ".claude/snippets/agpm/local-deps/snippets/agents/rust-doc-advanced.md"
dependencies = [
    "snippet:local-deps/snippets/rust-best-practices",
    "snippet:local-deps/snippets/rust-cargo-commands",
]
tool = "claude-code"
install = false
applied_patches = {}

[snippets.variant_inputs]

[[snippets]]
name = "local-deps/snippets/agents/rust-doc-advanced"
path = "local-deps/snippets/agents/rust-doc-advanced.md"
checksum = ""
installed_at = ".opencode/snippet/agpm/local-deps/snippets/agents/rust-doc-advanced.md"
dependencies = [
    "snippet:local-deps/snippets/rust-best-practices",
    "snippet:local-deps/snippets/rust-cargo-commands",
]
tool = "opencode"
install = false
applied_patches = {}

[snippets.variant_inputs]

[[snippets]]
name = "local-deps/snippets/agents/rust-doc-standard"
path = "local-deps/snippets/agents/rust-doc-standard.md"
checksum = ""
installed_at = ".claude/snippets/agpm/local-deps/snippets/agents/rust-doc-standard.md"
dependencies = [
    "snippet:local-deps/snippets/rust-best-practices",
    "snippet:local-deps/snippets/rust-cargo-commands",
]
tool = "claude-code"
install = false
applied_patches = {}

[snippets.variant_inputs]

[[snippets]]
name = "local-deps/snippets/agents/rust-doc-standard"
path = "local-deps/snippets/agents/rust-doc-standard.md"
checksum = ""
installed_at = ".opencode/snippet/agpm/local-deps/snippets/agents/rust-doc-standard.md"
dependencies = [
    "snippet:local-deps/snippets/rust-best-practices",
    "snippet:local-deps/snippets/rust-cargo-commands",
]
tool = "opencode"
install = false
applied_patches = {}

[snippets.variant_inputs]

[[snippets]]
name = "local-deps/snippets/agents/rust-expert"
path = "local-deps/snippets/agents/rust-expert.md"
checksum = ""
installed_at = ".opencode/snippet/agpm/local-deps/snippets/agents/rust-expert.md"
dependencies = [
    "snippet:local-deps/snippets/rust-best-practices",
    "snippet:local-deps/snippets/rust-cargo-commands",
]
tool = "opencode"
install = false
applied_patches = {}

[snippets.variant_inputs]

[[snippets]]
name = "local-deps/snippets/agents/rust-expert-advanced"
path = "local-deps/snippets/agents/rust-expert-advanced.md"
checksum = ""
installed_at = ".claude/snippets/agpm/local-deps/snippets/agents/rust-expert-advanced.md"
dependencies = [
    "snippet:local-deps/snippets/rust-best-practices",
    "snippet:local-deps/snippets/rust-cargo-commands",
]
tool = "claude-code"
install = false
applied_patches = {}

[snippets.variant_inputs]

[[snippets]]
name = "local-deps/snippets/agents/rust-expert-advanced"
path = "local-deps/snippets/agents/rust-expert-advanced.md"
checksum = ""
installed_at = ".opencode/snippet/agpm/local-deps/snippets/agents/rust-expert-advanced.md"
dependencies = [
    "snippet:local-deps/snippets/rust-best-practices",
    "snippet:local-deps/snippets/rust-cargo-commands",
]
tool = "opencode"
install = false
applied_patches = {}

[snippets.variant_inputs]

[[snippets]]
name = "local-deps/snippets/agents/rust-expert-standard"
path = "local-deps/snippets/agents/rust-expert-standard.md"
checksum = ""
installed_at = ".claude/snippets/agpm/local-deps/snippets/agents/rust-expert-standard.md"
dependencies = [
    "snippet:local-deps/snippets/rust-best-practices",
    "snippet:local-deps/snippets/rust-cargo-commands",
]
tool = "claude-code"
install = false
applied_patches = {}

[snippets.variant_inputs]

[[snippets]]
name = "local-deps/snippets/agents/rust-expert-standard"
path = "local-deps/snippets/agents/rust-expert-standard.md"
checksum = ""
installed_at = ".opencode/snippet/agpm/local-deps/snippets/agents/rust-expert-standard.md"
dependencies = [
    "snippet:local-deps/snippets/rust-best-practices",
    "snippet:local-deps/snippets/rust-cargo-commands",
]
tool = "opencode"
install = false
applied_patches = {}

[snippets.variant_inputs]

[[snippets]]
name = "local-deps/snippets/agents/rust-linting-advanced"
path = "local-deps/snippets/agents/rust-linting-advanced.md"
checksum = ""
installed_at = ".claude/snippets/agpm/local-deps/snippets/agents/rust-linting-advanced.md"
dependencies = [
    "snippet:local-deps/snippets/rust-best-practices",
    "snippet:local-deps/snippets/rust-cargo-commands",
]
tool = "claude-code"
install = false
applied_patches = {}

[snippets.variant_inputs]

[[snippets]]
name = "local-deps/snippets/agents/rust-linting-advanced"
path = "local-deps/snippets/agents/rust-linting-advanced.md"
checksum = ""
installed_at = ".opencode/snippet/agpm/local-deps/snippets/agents/rust-linting-advanced.md"
dependencies = [
    "snippet:local-deps/snippets/rust-best-practices",
    "snippet:local-deps/snippets/rust-cargo-commands",
]
tool = "opencode"
install = false
applied_patches = {}

[snippets.variant_inputs]

[[snippets]]
name = "local-deps/snippets/agents/rust-linting-standard"
path = "local-deps/snippets/agents/rust-linting-standard.md"
checksum = ""
installed_at = ".claude/snippets/agpm/local-deps/snippets/agents/rust-linting-standard.md"
dependencies = [
    "snippet:local-deps/snippets/rust-best-practices",
    "snippet:local-deps/snippets/rust-cargo-commands",
]
tool = "claude-code"
install = false
applied_patches = {}

[snippets.variant_inputs]

[[snippets]]
name = "local-deps/snippets/agents/rust-linting-standard"
path = "local-deps/snippets/agents/rust-linting-standard.md"
checksum = ""
installed_at = ".opencode/snippet/agpm/local-deps/snippets/agents/rust-linting-standard.md"
dependencies = [
    "snippet:local-deps/snippets/rust-best-practices",
    "snippet:local-deps/snippets/rust-cargo-commands",
]
tool = "opencode"
install = false
applied_patches = {}

[snippets.variant_inputs]

[[snippets]]
name = "local-deps/snippets/agents/rust-test-advanced"
path = "local-deps/snippets/agents/rust-test-advanced.md"
checksum = ""
installed_at = ".claude/snippets/agpm/local-deps/snippets/agents/rust-test-advanced.md"
dependencies = [
    "snippet:local-deps/snippets/rust-best-practices",
    "snippet:local-deps/snippets/rust-cargo-commands",
]
tool = "claude-code"
install = false
applied_patches = {}

[snippets.variant_inputs]

[[snippets]]
name = "local-deps/snippets/agents/rust-test-advanced"
path = "local-deps/snippets/agents/rust-test-advanced.md"
checksum = ""
installed_at = ".opencode/snippet/agpm/local-deps/snippets/agents/rust-test-advanced.md"
dependencies = [
    "snippet:local-deps/snippets/rust-best-practices",
    "snippet:local-deps/snippets/rust-cargo-commands",
]
tool = "opencode"
install = false
applied_patches = {}

[snippets.variant_inputs]

[[snippets]]
name = "local-deps/snippets/agents/rust-test-standard"
path = "local-deps/snippets/agents/rust-test-standard.md"
checksum = ""
installed_at = ".claude/snippets/agpm/local-deps/snippets/agents/rust-test-standard.md"
dependencies = [
    "snippet:local-deps/snippets/rust-best-practices",
    "snippet:local-deps/snippets/rust-cargo-commands",
]
tool = "claude-code"
install = false
applied_patches = {}

[snippets.variant_inputs]

[[snippets]]
name = "local-deps/snippets/agents/rust-test-standard"
path = "local-deps/snippets/agents/rust-test-standard.md"
checksum = ""
installed_at = ".opencode/snippet/agpm/local-deps/snippets/agents/rust-test-standard.md"
dependencies = [
    "snippet:local-deps/snippets/rust-best-practices",
    "snippet:local-deps/snippets/rust-cargo-commands",
]
tool = "opencode"
install = false
applied_patches = {}

[snippets.variant_inputs]

[[snippets]]
name = "local-deps/snippets/agents/rust-troubleshooter-advanced"
path = "local-deps/snippets/agents/rust-troubleshooter-advanced.md"
checksum = ""
installed_at = ".claude/snippets/agpm/local-deps/snippets/agents/rust-troubleshooter-advanced.md"
dependencies = [
    "snippet:local-deps/snippets/rust-best-practices",
    "snippet:local-deps/snippets/rust-cargo-commands",
]
tool = "claude-code"
install = false
applied_patches = {}

[snippets.variant_inputs]

[[snippets]]
name = "local-deps/snippets/agents/rust-troubleshooter-advanced"
path = "local-deps/snippets/agents/rust-troubleshooter-advanced.md"
checksum = ""
installed_at = ".opencode/snippet/agpm/local-deps/snippets/agents/rust-troubleshooter-advanced.md"
dependencies = [
    "snippet:local-deps/snippets/rust-best-practices",
    "snippet:local-deps/snippets/rust-cargo-commands",
]
tool = "opencode"
install = false
applied_patches = {}

[snippets.variant_inputs]

[[snippets]]
name = "local-deps/snippets/agents/rust-troubleshooter-standard"
path = "local-deps/snippets/agents/rust-troubleshooter-standard.md"
checksum = ""
installed_at = ".claude/snippets/agpm/local-deps/snippets/agents/rust-troubleshooter-standard.md"
dependencies = [
    "snippet:local-deps/snippets/rust-best-practices",
    "snippet:local-deps/snippets/rust-cargo-commands",
]
tool = "claude-code"
install = false
applied_patches = {}

[snippets.variant_inputs]

[[snippets]]
name = "local-deps/snippets/agents/rust-troubleshooter-standard"
path = "local-deps/snippets/agents/rust-troubleshooter-standard.md"
checksum = ""
installed_at = ".opencode/snippet/agpm/local-deps/snippets/agents/rust-troubleshooter-standard.md"
dependencies = [
    "snippet:local-deps/snippets/rust-best-practices",
    "snippet:local-deps/snippets/rust-cargo-commands",
]
tool = "opencode"
install = false
applied_patches = {}

[snippets.variant_inputs]

[[snippets]]
name = "local-deps/snippets/attribution"
path = "local-deps/snippets/attribution.md"
checksum = ""
installed_at = ".claude/snippets/agpm/local-deps/snippets/attribution.md"
dependencies = []
tool = "claude-code"
install = false
applied_patches = {}

[snippets.variant_inputs]

[[snippets]]
name = "local-deps/snippets/attribution"
path = "local-deps/snippets/attribution.md"
checksum = ""
installed_at = ".opencode/snippet/agpm/local-deps/snippets/attribution.md"
dependencies = []
tool = "opencode"
install = false
applied_patches = {}

[snippets.variant_inputs]

[[snippets]]
name = "local-deps/snippets/commands/checkpoint"
path = "local-deps/snippets/commands/checkpoint.md"
checksum = ""
installed_at = ".claude/snippets/agpm/local-deps/snippets/commands/checkpoint.md"
dependencies = []
tool = "claude-code"
install = false
applied_patches = {}

[snippets.variant_inputs]

[[snippets]]
name = "local-deps/snippets/commands/checkpoint"
path = "local-deps/snippets/commands/checkpoint.md"
checksum = ""
installed_at = ".opencode/snippet/agpm/local-deps/snippets/commands/checkpoint.md"
dependencies = []
tool = "opencode"
install = false
applied_patches = {}

[snippets.variant_inputs]

[[snippets]]
name = "local-deps/snippets/commands/commit"
path = "local-deps/snippets/commands/commit.md"
checksum = ""
installed_at = ".claude/snippets/agpm/local-deps/snippets/commands/commit.md"
dependencies = ["snippet:local-deps/snippets/attribution"]
tool = "claude-code"
install = false
applied_patches = {}

[snippets.variant_inputs]

[[snippets]]
name = "local-deps/snippets/commands/commit"
path = "local-deps/snippets/commands/commit.md"
checksum = ""
installed_at = ".opencode/snippet/agpm/local-deps/snippets/commands/commit.md"
dependencies = ["snippet:local-deps/snippets/attribution"]
tool = "opencode"
install = false
applied_patches = {}

[snippets.variant_inputs]

[[snippets]]
name = "local-deps/snippets/commands/execute"
path = "local-deps/snippets/commands/execute.md"
checksum = ""
installed_at = ".claude/snippets/agpm/local-deps/snippets/commands/execute.md"
dependencies = []
tool = "claude-code"
install = false
applied_patches = {}

[snippets.variant_inputs]

[[snippets]]
name = "local-deps/snippets/commands/execute"
path = "local-deps/snippets/commands/execute.md"
checksum = ""
installed_at = ".opencode/snippet/agpm/local-deps/snippets/commands/execute.md"
dependencies = []
tool = "opencode"
install = false
applied_patches = {}

[snippets.variant_inputs]

[[snippets]]
name = "local-deps/snippets/commands/fact-check-docs"
path = "local-deps/snippets/commands/fact-check-docs.md"
checksum = ""
installed_at = ".claude/snippets/agpm/local-deps/snippets/commands/fact-check-docs.md"
dependencies = []
tool = "claude-code"
install = false
applied_patches = {}

[snippets.variant_inputs]

[[snippets]]
name = "local-deps/snippets/commands/fact-check-docs"
path = "local-deps/snippets/commands/fact-check-docs.md"
checksum = ""
installed_at = ".opencode/snippet/agpm/local-deps/snippets/commands/fact-check-docs.md"
dependencies = []
tool = "opencode"
install = false
applied_patches = {}

[snippets.variant_inputs]

[[snippets]]
name = "local-deps/snippets/commands/gh-pr-create"
path = "local-deps/snippets/commands/gh-pr-create.md"
checksum = ""
installed_at = ".claude/snippets/agpm/local-deps/snippets/commands/gh-pr-create.md"
dependencies = []
tool = "claude-code"
install = false
applied_patches = {}

[snippets.variant_inputs]

[[snippets]]
name = "local-deps/snippets/commands/gh-pr-create"
path = "local-deps/snippets/commands/gh-pr-create.md"
checksum = ""
installed_at = ".opencode/snippet/agpm/local-deps/snippets/commands/gh-pr-create.md"
dependencies = []
tool = "opencode"
install = false
applied_patches = {}

[snippets.variant_inputs]

[[snippets]]
name = "local-deps/snippets/commands/lint"
path = "local-deps/snippets/commands/lint.md"
checksum = ""
installed_at = ".claude/snippets/agpm/local-deps/snippets/commands/lint.md"
dependencies = []
tool = "claude-code"
install = false
applied_patches = {}

[snippets.variant_inputs]

[[snippets]]
name = "local-deps/snippets/commands/lint"
path = "local-deps/snippets/commands/lint.md"
checksum = ""
installed_at = ".opencode/snippet/agpm/local-deps/snippets/commands/lint.md"
dependencies = []
tool = "opencode"
install = false
applied_patches = {}

[snippets.variant_inputs]

[[snippets]]
name = "local-deps/snippets/commands/pr-self-review"
path = "local-deps/snippets/commands/pr-self-review.md"
checksum = ""
installed_at = ".claude/snippets/agpm/local-deps/snippets/commands/pr-self-review.md"
dependencies = ["snippet:local-deps/snippets/rust-best-practices"]
tool = "claude-code"
install = false
applied_patches = {}

[snippets.variant_inputs]

[[snippets]]
name = "local-deps/snippets/commands/pr-self-review"
path = "local-deps/snippets/commands/pr-self-review.md"
checksum = ""
installed_at = ".opencode/snippet/agpm/local-deps/snippets/commands/pr-self-review.md"
dependencies = ["snippet:local-deps/snippets/rust-best-practices"]
tool = "opencode"
install = false
applied_patches = {}

[snippets.variant_inputs]

[[snippets]]
name = "local-deps/snippets/commands/squash"
path = "local-deps/snippets/commands/squash.md"
checksum = ""
installed_at = ".claude/snippets/agpm/local-deps/snippets/commands/squash.md"
dependencies = []
tool = "claude-code"
install = false
applied_patches = {}

[snippets.variant_inputs]

[[snippets]]
name = "local-deps/snippets/commands/squash"
path = "local-deps/snippets/commands/squash.md"
checksum = ""
installed_at = ".opencode/snippet/agpm/local-deps/snippets/commands/squash.md"
dependencies = []
tool = "opencode"
install = false
applied_patches = {}

[snippets.variant_inputs]

[[snippets]]
name = "local-deps/snippets/commands/update-all"
path = "local-deps/snippets/commands/update-all.md"
checksum = ""
installed_at = ".claude/snippets/agpm/local-deps/snippets/commands/update-all.md"
dependencies = []
tool = "claude-code"
install = false
applied_patches = {}

[snippets.variant_inputs]

[[snippets]]
name = "local-deps/snippets/commands/update-all"
path = "local-deps/snippets/commands/update-all.md"
checksum = ""
installed_at = ".opencode/snippet/agpm/local-deps/snippets/commands/update-all.md"
dependencies = []
tool = "opencode"
install = false
applied_patches = {}

[snippets.variant_inputs]

[[snippets]]
name = "local-deps/snippets/commands/update-claude"
path = "local-deps/snippets/commands/update-claude.md"
checksum = ""
installed_at = ".claude/snippets/agpm/local-deps/snippets/commands/update-claude.md"
dependencies = []
tool = "claude-code"
install = false
applied_patches = {}

[snippets.variant_inputs]

[[snippets]]
name = "local-deps/snippets/commands/update-claude"
path = "local-deps/snippets/commands/update-claude.md"
checksum = ""
installed_at = ".opencode/snippet/agpm/local-deps/snippets/commands/update-claude.md"
dependencies = []
tool = "opencode"
install = false
applied_patches = {}

[snippets.variant_inputs]

[[snippets]]
name = "local-deps/snippets/commands/update-docstrings"
path = "local-deps/snippets/commands/update-docstrings.md"
checksum = ""
installed_at = ".claude/snippets/agpm/local-deps/snippets/commands/update-docstrings.md"
dependencies = []
tool = "claude-code"
install = false
applied_patches = {}

[snippets.variant_inputs]

[[snippets]]
name = "local-deps/snippets/commands/update-docstrings"
path = "local-deps/snippets/commands/update-docstrings.md"
checksum = ""
installed_at = ".opencode/snippet/agpm/local-deps/snippets/commands/update-docstrings.md"
dependencies = []
tool = "opencode"
install = false
applied_patches = {}

[snippets.variant_inputs]

[[snippets]]
name = "local-deps/snippets/rust-best-practices"
path = "local-deps/snippets/rust-best-practices.md"
checksum = ""
installed_at = ".claude/snippets/agpm/local-deps/snippets/rust-best-practices.md"
dependencies = []
tool = "claude-code"
install = false
applied_patches = {}

[snippets.variant_inputs]

[[snippets]]
name = "local-deps/snippets/rust-best-practices"
path = "local-deps/snippets/rust-best-practices.md"
checksum = ""
installed_at = ".opencode/snippet/agpm/local-deps/snippets/rust-best-practices.md"
dependencies = []
tool = "opencode"
install = false
applied_patches = {}

[snippets.variant_inputs]

[[snippets]]
name = "local-deps/snippets/rust-cargo-commands"
path = "local-deps/snippets/rust-cargo-commands.md"
checksum = ""
installed_at = ".claude/snippets/agpm/local-deps/snippets/rust-cargo-commands.md"
dependencies = []
tool = "claude-code"
install = false
applied_patches = {}

[snippets.variant_inputs]

[[snippets]]
name = "local-deps/snippets/rust-cargo-commands"
path = "local-deps/snippets/rust-cargo-commands.md"
checksum = ""
installed_at = ".opencode/snippet/agpm/local-deps/snippets/rust-cargo-commands.md"
dependencies = []
tool = "opencode"
install = false
applied_patches = {}

[snippets.variant_inputs]

[[snippets]]
name = "snippets/commands/update-docs"
source = "resources"
url = "https://github.com/aig787/agpm-resources.git"
path = "snippets/commands/update-docs.md"
version = "snippet-command-update-docs-v1.1.2"
resolved_commit = "e99bdbe37b3d32d4e5c8dc61314c8edee0aa4124"
checksum = "sha256:7bd7fceee6d8bfa8771d3d2e9f08a59107a4c99063cd042cb7e65d14580ffcfa"
installed_at = ".agpm/snippets/commands/update-docs.md"
dependencies = []
tool = "agpm"
install = false
approximate_token_count = 1747
applied_patches = {}

[snippets.variant_inputs]

[[commands]]
name = "claude-code/commands/update-docs"
source = "resources"
url = "https://github.com/aig787/agpm-resources.git"
path = "claude-code/commands/update-docs.md"
version = "claude-code-command-update-docs-v1.1.2"
resolved_commit = "7e8b0ec55028dc97c0551470e3a6e6c6a682c3fa"
checksum = "sha256:8967b70238079680d2d18c35043aa30a986f257d68d3c324ffda5ddde85b1132"
context_checksum = "sha256:02187f697a0ea1f4f30106aae91b693df5eeab687085ba1b257e0fc1f5f184de"
installed_at = ".claude/commands/agpm/update-docs.md"
dependencies = ["resources/snippet:snippets/commands/update-docs@snippet-command-update-docs-v1.1.2"]
tool = "claude-code"
manifest_alias = "update-docs"
approximate_token_count = 2155
applied_patches = {}

[commands.variant_inputs]

[[commands]]
name = "local-deps/claude/commands/checkpoint"
path = "local-deps/claude/commands/checkpoint.md"
checksum = ""
installed_at = ".claude/commands/agpm/checkpoint.md"
dependencies = ["snippet:local-deps/snippets/commands/checkpoint"]
tool = "claude-code"
manifest_alias = "checkpoint"
applied_patches = {}

[commands.variant_inputs]

[[commands]]
name = "local-deps/claude/commands/commit"
path = "local-deps/claude/commands/commit.md"
checksum = ""
installed_at = ".claude/commands/agpm/commit.md"
dependencies = ["snippet:local-deps/snippets/commands/commit"]
tool = "claude-code"
manifest_alias = "commit"
applied_patches = {}

[commands.variant_inputs]

[[commands]]
name = "local-deps/claude/commands/execute"
path = "local-deps/claude/commands/execute.md"
checksum = ""
installed_at = ".claude/commands/agpm/execute.md"
dependencies = ["snippet:local-deps/snippets/commands/execute"]
tool = "claude-code"
manifest_alias = "execute"
applied_patches = {}

[commands.variant_inputs]

[[commands]]
name = "local-deps/claude/commands/fact-check-docs"
path = "local-deps/claude/commands/fact-check-docs.md"
checksum = ""
installed_at = ".claude/commands/agpm/fact-check-docs.md"
dependencies = ["snippet:local-deps/snippets/commands/fact-check-docs"]
tool = "claude-code"
manifest_alias = "fact-check-docs"
applied_patches = {}

[commands.variant_inputs]

[[commands]]
name = "local-deps/claude/commands/gh-pr-create"
path = "local-deps/claude/commands/gh-pr-create.md"
checksum = ""
installed_at = ".claude/commands/agpm/gh-pr-create.md"
dependencies = ["snippet:local-deps/snippets/commands/gh-pr-create"]
tool = "claude-code"
manifest_alias = "gh-pr-create"
applied_patches = {}

[commands.variant_inputs]

[[commands]]
name = "local-deps/claude/commands/lint"
path = "local-deps/claude/commands/lint.md"
checksum = ""
installed_at = ".claude/commands/agpm/lint.md"
dependencies = ["snippet:local-deps/snippets/commands/lint"]
tool = "claude-code"
manifest_alias = "lint"
applied_patches = {}

[commands.variant_inputs]

[[commands]]
name = "local-deps/claude/commands/pr-self-review"
path = "local-deps/claude/commands/pr-self-review.md"
checksum = ""
installed_at = ".claude/commands/agpm/pr-self-review.md"
dependencies = ["snippet:local-deps/snippets/commands/pr-self-review"]
tool = "claude-code"
manifest_alias = "pr-self-review"
applied_patches = {}

[commands.variant_inputs]

[[commands]]
name = "local-deps/claude/commands/squash"
path = "local-deps/claude/commands/squash.md"
checksum = ""
installed_at = ".claude/commands/agpm/squash.md"
dependencies = ["snippet:local-deps/snippets/commands/squash"]
tool = "claude-code"
manifest_alias = "squash"
applied_patches = {}

[commands.variant_inputs]

[[commands]]
name = "local-deps/claude/commands/update-all"
path = "local-deps/claude/commands/update-all.md"
checksum = ""
installed_at = ".claude/commands/agpm/update-all.md"
dependencies = ["snippet:local-deps/snippets/commands/update-all"]
tool = "claude-code"
manifest_alias = "update-all"
applied_patches = {}

[commands.variant_inputs]

[[commands]]
name = "local-deps/claude/commands/update-claude"
path = "local-deps/claude/commands/update-claude.md"
checksum = ""
installed_at = ".claude/commands/agpm/update-claude.md"
dependencies = ["snippet:local-deps/snippets/commands/update-claude"]
tool = "claude-code"
manifest_alias = "update-claude"
applied_patches = {}

[commands.variant_inputs]

[[commands]]
name = "local-deps/claude/commands/update-docstrings"
path = "local-deps/claude/commands/update-docstrings.md"
checksum = ""
installed_at = ".claude/commands/agpm/update-docstrings.md"
dependencies = ["snippet:local-deps/snippets/commands/update-docstrings"]
tool = "claude-code"
manifest_alias = "update-docstrings"
applied_patches = {}

[commands.variant_inputs]

[[commands]]
name = "local-deps/opencode/command/checkpoint"
path = "local-deps/opencode/command/checkpoint.md"
checksum = ""
installed_at = ".opencode/command/agpm/checkpoint.md"
dependencies = ["snippet:local-deps/snippets/commands/checkpoint"]
tool = "opencode"
manifest_alias = "opencode-checkpoint"
applied_patches = {}

[commands.variant_inputs]

[[commands]]
name = "local-deps/opencode/command/commit"
path = "local-deps/opencode/command/commit.md"
checksum = ""
installed_at = ".opencode/command/agpm/commit.md"
dependencies = ["snippet:local-deps/snippets/commands/commit"]
tool = "opencode"
manifest_alias = "opencode-commit"
applied_patches = {}

[commands.variant_inputs]

[[commands]]
name = "local-deps/opencode/command/execute"
path = "local-deps/opencode/command/execute.md"
checksum = ""
installed_at = ".opencode/command/agpm/execute.md"
dependencies = ["snippet:local-deps/snippets/commands/execute"]
tool = "opencode"
manifest_alias = "opencode-execute"
applied_patches = {}

[commands.variant_inputs]

[[commands]]
name = "local-deps/opencode/command/fact-check-docs"
path = "local-deps/opencode/command/fact-check-docs.md"
checksum = ""
installed_at = ".opencode/command/agpm/fact-check-docs.md"
dependencies = ["snippet:local-deps/snippets/commands/fact-check-docs"]
tool = "opencode"
manifest_alias = "opencode-fact-check-docs"
applied_patches = {}

[commands.variant_inputs]

[[commands]]
name = "local-deps/opencode/command/gh-pr-create"
path = "local-deps/opencode/command/gh-pr-create.md"
checksum = ""
installed_at = ".opencode/command/agpm/gh-pr-create.md"
dependencies = ["snippet:local-deps/snippets/commands/gh-pr-create"]
tool = "opencode"
manifest_alias = "opencode-gh-pr-create"
applied_patches = {}

[commands.variant_inputs]

[[commands]]
name = "local-deps/opencode/command/lint"
path = "local-deps/opencode/command/lint.md"
checksum = ""
installed_at = ".opencode/command/agpm/lint.md"
dependencies = ["snippet:local-deps/snippets/commands/lint"]
tool = "opencode"
manifest_alias = "opencode-lint"
applied_patches = {}

[commands.variant_inputs]

[[commands]]
name = "local-deps/opencode/command/pr-self-review"
path = "local-deps/opencode/command/pr-self-review.md"
checksum = ""
installed_at = ".opencode/command/agpm/pr-self-review.md"
dependencies = ["snippet:local-deps/snippets/commands/pr-self-review"]
tool = "opencode"
manifest_alias = "opencode-pr-self-review"
applied_patches = {}

[commands.variant_inputs]

[[commands]]
name = "local-deps/opencode/command/squash"
path = "local-deps/opencode/command/squash.md"
checksum = ""
installed_at = ".opencode/command/agpm/squash.md"
dependencies = ["snippet:local-deps/snippets/commands/squash"]
tool = "opencode"
manifest_alias = "opencode-squash"
applied_patches = {}

[commands.variant_inputs]

[[commands]]
name = "local-deps/opencode/command/update-all"
path = "local-deps/opencode/command/update-all.md"
checksum = ""
installed_at = ".opencode/command/agpm/update-all.md"
dependencies = ["snippet:local-deps/snippets/commands/update-all"]
tool = "opencode"
manifest_alias = "opencode-update-all"
applied_patches = {}

[commands.variant_inputs]

[[commands]]
name = "local-deps/opencode/command/update-claude"
path = "local-deps/opencode/command/update-claude.md"
checksum = ""
installed_at = ".opencode/command/agpm/update-claude.md"
dependencies = ["snippet:local-deps/snippets/commands/update-claude"]
tool = "opencode"
manifest_alias = "opencode-update-claude"
applied_patches = {}

[commands.variant_inputs]

[[commands]]
name = "local-deps/opencode/command/update-docstrings"
path = "local-deps/opencode/command/update-docstrings.md"
checksum = ""
installed_at = ".opencode/command/agpm/update-docstrings.md"
dependencies = ["snippet:local-deps/snippets/commands/update-docstrings"]
tool = "opencode"
manifest_alias = "opencode-update-docstrings"
applied_patches = {}

[commands.variant_inputs]

[[commands]]
name = "opencode/commands/update-docs"
source = "resources"
url = "https://github.com/aig787/agpm-resources.git"
path = "opencode/commands/update-docs.md"
version = "opencode-command-update-docs-v1.1.2"
resolved_commit = "2f3168dd6dfb3ca962d730942e9150e695aef5e6"
checksum = "sha256:726b23c3d37696a4898d0785c82e49c1d24392d85fdf5efcab21753d5b7f4fcc"
context_checksum = "sha256:730a3eeae21acfc4c2d89880b43926f59e9e2e7a17455d720f52239a86d8912a"
installed_at = ".opencode/command/agpm/update-docs.md"
dependencies = ["resources/snippet:snippets/commands/update-docs@snippet-command-update-docs-v1.1.2"]
tool = "opencode"
manifest_alias = "opencode-update-docs"
approximate_token_count = 2496
applied_patches = {}

[commands.variant_inputs]

[[hooks]]
name = "local-deps/claude/hooks/agpm-update"
path = "local-deps/claude/hooks/agpm-update.json"
checksum = ""
installed_at = ".claude/settings.local.json"
dependencies = []
tool = "claude-code"
manifest_alias = "agpm-update"
applied_patches = {}

[hooks.variant_inputs]
