# Auto-generated lockfile - DO NOT EDIT
version = 1

[[agents]]
name = "rust-troubleshooter-advanced"
path = "local-deps/claude/agents/rust-troubleshooter-advanced.md"
checksum = "sha256:ea6f1db6821252f515b20415366cb9ce565b7abd208dc0883db79887fe8d20c9"
installed_at = ".claude/agents/rust-troubleshooter-advanced.md"
dependencies = ["snippet/snippets/agents/rust-troubleshooter-advanced"]
tool = "claude-code"
template_vars = "{}"
applied_patches = {}

[[agents]]
name = "opencode-rust-doc-standard"
path = "local-deps/opencode/agent/rust-doc-standard.md"
checksum = "sha256:9fa39eea2de7f212a48db6a52c74e7a13fea9a24a5b425d427d548608777af98"
installed_at = ".opencode/agent/rust-doc-standard.md"
dependencies = ["snippet/snippets/agents/rust-doc-standard"]
tool = "opencode"
template_vars = "{}"
applied_patches = {}

[[agents]]
name = "opencode-rust-test-standard"
path = "local-deps/opencode/agent/rust-test-standard.md"
checksum = "sha256:8abbec1c1c59f3f1eccb874cf605e35d1c66951cefd2f00f573fc6601ec75714"
installed_at = ".opencode/agent/rust-test-standard.md"
dependencies = ["snippet/snippets/agents/rust-test-standard"]
tool = "opencode"
template_vars = "{}"
applied_patches = {}

[[agents]]
name = "rust-expert-standard"
path = "local-deps/claude/agents/rust-expert-standard.md"
checksum = "sha256:6263c717eb268942af72e6a17b968ba4535ae52e50ed373f3bf9977b8b57fcd7"
installed_at = ".claude/agents/rust-expert-standard.md"
dependencies = ["snippet/snippets/agents/rust-expert-standard"]
tool = "claude-code"
template_vars = "{}"
applied_patches = {}

[[agents]]
name = "rust-expert-advanced"
path = "local-deps/claude/agents/rust-expert-advanced.md"
checksum = "sha256:946f9a2db27962c427a07c2191c5db87c24d16ce2e0d04b99ab1aa37ad495481"
installed_at = ".claude/agents/rust-expert-advanced.md"
dependencies = ["snippet/snippets/agents/rust-expert-advanced"]
tool = "claude-code"
template_vars = "{}"
applied_patches = {}

[[agents]]
name = "opencode-rust-doc-advanced"
path = "local-deps/opencode/agent/rust-doc-advanced.md"
checksum = "sha256:f7cd22a3b9a0301ac212c180c1780eba6bb15a00316d11edd627b0ea293c9d94"
installed_at = ".opencode/agent/rust-doc-advanced.md"
dependencies = ["snippet/snippets/agents/rust-doc-advanced"]
tool = "opencode"
template_vars = "{}"
applied_patches = {}

[[agents]]
name = "rust-troubleshooter-standard"
path = "local-deps/claude/agents/rust-troubleshooter-standard.md"
checksum = "sha256:6f8ba641121f755b221a6027e269bf28353f7fc7f8fe8542fabfade4cba5c16d"
installed_at = ".claude/agents/rust-troubleshooter-standard.md"
dependencies = ["snippet/snippets/agents/rust-troubleshooter-standard"]
tool = "claude-code"
template_vars = "{}"
applied_patches = {}

[[agents]]
name = "rust-test-advanced"
path = "local-deps/claude/agents/rust-test-advanced.md"
checksum = "sha256:e57c467929296e12970e0bcb56e4598f5bd077426587200721e9cfb06b7cd212"
installed_at = ".claude/agents/rust-test-advanced.md"
dependencies = ["snippet/snippets/agents/rust-test-advanced"]
tool = "claude-code"
template_vars = "{}"
applied_patches = {}

[[agents]]
name = "opencode-rust-expert-standard"
path = "local-deps/opencode/agent/rust-expert-standard.md"
checksum = "sha256:5371e216e43bbb523e702b87a41f1503b1f1b38bbb847708a5d21a5c37b7cf91"
installed_at = ".opencode/agent/rust-expert-standard.md"
dependencies = ["snippet/snippets/agents/rust-expert-standard"]
tool = "opencode"
template_vars = "{}"
applied_patches = {}

[[agents]]
name = "opencode-rust-linting-standard"
path = "local-deps/opencode/agent/rust-linting-standard.md"
checksum = "sha256:48604cbb126b66920fedbc2130e00c06dd600f0d07f97d8741c2048be8e5808f"
installed_at = ".opencode/agent/rust-linting-standard.md"
dependencies = ["snippet/snippets/agents/rust-linting-standard"]
tool = "opencode"
template_vars = "{}"
applied_patches = {}

[[agents]]
name = "rust-doc-advanced"
path = "local-deps/claude/agents/rust-doc-advanced.md"
checksum = "sha256:9c7a03551e714d99bcff592dcd91e09ed60a94628160ac588841c07bd0918adb"
installed_at = ".claude/agents/rust-doc-advanced.md"
dependencies = ["snippet/snippets/agents/rust-doc-advanced"]
tool = "claude-code"
template_vars = "{}"
applied_patches = {}

[[agents]]
name = "rust-doc-standard"
path = "local-deps/claude/agents/rust-doc-standard.md"
checksum = "sha256:0e32a8d5f8575f39e807e426c28a4643683b9218dd28c23c8aa1c73df677085a"
installed_at = ".claude/agents/rust-doc-standard.md"
dependencies = ["snippet/snippets/agents/rust-doc-standard"]
tool = "claude-code"
template_vars = "{}"
applied_patches = {}

[[agents]]
name = "rust-linting-advanced"
path = "local-deps/claude/agents/rust-linting-advanced.md"
checksum = "sha256:a22afec804a4104b374384567e37fa6c193e93ecc54e2dc6d84985c081bdd037"
installed_at = ".claude/agents/rust-linting-advanced.md"
dependencies = ["snippet/snippets/agents/rust-linting-advanced"]
tool = "claude-code"
template_vars = "{}"
applied_patches = {}

[[agents]]
name = "opencode-rust-troubleshooter-advanced"
path = "local-deps/opencode/agent/rust-troubleshooter-advanced.md"
checksum = "sha256:644b526f14000ad3ff8d053667c8fb687c16d0b305257f07e8f47bcc1839e5bd"
installed_at = ".opencode/agent/rust-troubleshooter-advanced.md"
dependencies = ["snippet/snippets/agents/rust-troubleshooter-advanced"]
tool = "opencode"
template_vars = "{}"
applied_patches = {}

[[agents]]
name = "opencode-rust-test-advanced"
path = "local-deps/opencode/agent/rust-test-advanced.md"
checksum = "sha256:7a1a1f743313d6cec2a8259cf288d94b1b4beb9273aa1be3383eaf373aa70614"
installed_at = ".opencode/agent/rust-test-advanced.md"
dependencies = ["snippet/snippets/agents/rust-test-advanced"]
tool = "opencode"
template_vars = "{}"
applied_patches = {}

[[agents]]
name = "opencode-rust-troubleshooter-standard"
path = "local-deps/opencode/agent/rust-troubleshooter-standard.md"
checksum = "sha256:a15c7f2ac30de3d8f4ca0158bbf68e4eaffd7158264d67a1211d122d691ecfa4"
installed_at = ".opencode/agent/rust-troubleshooter-standard.md"
dependencies = ["snippet/snippets/agents/rust-troubleshooter-standard"]
tool = "opencode"
template_vars = "{}"
applied_patches = {}

[[agents]]
name = "rust-test-standard"
path = "local-deps/claude/agents/rust-test-standard.md"
checksum = "sha256:10a5297b90e1bf861972cbaf34b88356a5e9d07b6d28f4679f565b0be7248524"
installed_at = ".claude/agents/rust-test-standard.md"
dependencies = ["snippet/snippets/agents/rust-test-standard"]
tool = "claude-code"
template_vars = "{}"
applied_patches = {}

[[agents]]
name = "rust-linting-standard"
path = "local-deps/claude/agents/rust-linting-standard.md"
checksum = "sha256:53b5b775c6c0d4c383b15c9aa26d4ff437e13db6e51b97315e6b78f78c939c3b"
installed_at = ".claude/agents/rust-linting-standard.md"
dependencies = ["snippet/snippets/agents/rust-linting-standard"]
tool = "claude-code"
template_vars = "{}"
applied_patches = {}

[[agents]]
name = "opencode-rust-linting-advanced"
path = "local-deps/opencode/agent/rust-linting-advanced.md"
checksum = "sha256:1606c7cef5873321b85cf5f84096cf1a74a832572c260c8f3d4f609df5b3747b"
installed_at = ".opencode/agent/rust-linting-advanced.md"
dependencies = ["snippet/snippets/agents/rust-linting-advanced"]
tool = "opencode"
template_vars = "{}"
applied_patches = {}

[[agents]]
name = "opencode-rust-expert-advanced"
path = "local-deps/opencode/agent/rust-expert-advanced.md"
checksum = "sha256:faaaf60d99afc415ee74068baccf2eaad59e6a793ec626f737cfcd2fd80c066b"
installed_at = ".opencode/agent/rust-expert-advanced.md"
dependencies = ["snippet/snippets/agents/rust-expert-advanced"]
tool = "opencode"
template_vars = "{}"
applied_patches = {}

[[agents]]
name = "opencode-rust-expert"
path = "local-deps/opencode/agent/rust-expert.md"
checksum = "sha256:817e6ec7469a45323f419d8b7c9fc56e370121a8620bd9287790f87693c2c768"
installed_at = ".opencode/agent/rust-expert.md"
dependencies = ["snippet/snippets/agents/rust-expert"]
tool = "opencode"
template_vars = "{}"
applied_patches = {}

[[snippets]]
name = "snippets/commands/fact-check-docs"
path = "local-deps/snippets/commands/fact-check-docs.md"
checksum = "sha256:ecd906d9b4b6224d3c80cb79fb927003f546a4778cf5b3c4ffbc55469bd0114b"
installed_at = ".claude/snippets/local-deps/snippets/commands/fact-check-docs.md"
dependencies = []
tool = "claude-code"
install = false
template_vars = "{}"
applied_patches = {}

[[snippets]]
name = "snippets/commands/fact-check-docs"
path = "local-deps/snippets/commands/fact-check-docs.md"
checksum = "sha256:ecd906d9b4b6224d3c80cb79fb927003f546a4778cf5b3c4ffbc55469bd0114b"
installed_at = ".agpm/snippets/local-deps/snippets/commands/fact-check-docs.md"
dependencies = []
tool = "agpm"
install = false
template_vars = "{}"
applied_patches = {}

[[snippets]]
name = "snippets/commands/update-claude"
path = "local-deps/snippets/commands/update-claude.md"
checksum = "sha256:86f5d804a4d675a428514785fd5d59794f71855eeb491aa6df582d38fff286b4"
installed_at = ".claude/snippets/local-deps/snippets/commands/update-claude.md"
dependencies = []
tool = "claude-code"
install = false
template_vars = "{}"
applied_patches = {}

[[snippets]]
name = "snippets/commands/update-claude"
path = "local-deps/snippets/commands/update-claude.md"
checksum = "sha256:86f5d804a4d675a428514785fd5d59794f71855eeb491aa6df582d38fff286b4"
installed_at = ".agpm/snippets/local-deps/snippets/commands/update-claude.md"
dependencies = []
tool = "agpm"
install = false
template_vars = "{}"
applied_patches = {}

[[snippets]]
name = "snippets/rust-best-practices"
path = "local-deps/snippets/rust-best-practices.md"
checksum = "sha256:9c9898d98e1135430106d9594d6ba3fa03074681f798d90919a23a6418520628"
installed_at = ".agpm/snippets/local-deps/snippets/rust-best-practices.md"
dependencies = []
tool = "agpm"
install = false
template_vars = "{}"
applied_patches = {}

[[snippets]]
name = "snippets/rust-best-practices"
path = "local-deps/snippets/rust-best-practices.md"
checksum = "sha256:9c9898d98e1135430106d9594d6ba3fa03074681f798d90919a23a6418520628"
installed_at = ".claude/snippets/local-deps/snippets/rust-best-practices.md"
dependencies = []
tool = "claude-code"
install = false
template_vars = "{}"
applied_patches = {}

[[snippets]]
name = "snippets/commands/pr-self-review"
path = "local-deps/snippets/commands/pr-self-review.md"
checksum = "sha256:ec0b2d7398491854cf2c5ab1cdf9d0eac76ed9c01ddad7a1611fb4345b2cde2f"
installed_at = ".claude/snippets/local-deps/snippets/commands/pr-self-review.md"
dependencies = ["snippet/snippets/rust-best-practices"]
tool = "claude-code"
install = false
template_vars = "{}"
applied_patches = {}

[[snippets]]
name = "snippets/commands/pr-self-review"
path = "local-deps/snippets/commands/pr-self-review.md"
checksum = "sha256:ec0b2d7398491854cf2c5ab1cdf9d0eac76ed9c01ddad7a1611fb4345b2cde2f"
installed_at = ".agpm/snippets/local-deps/snippets/commands/pr-self-review.md"
dependencies = ["snippet/snippets/rust-best-practices"]
tool = "agpm"
install = false
template_vars = "{}"
applied_patches = {}

[[snippets]]
name = "snippets/commands/squash"
path = "local-deps/snippets/commands/squash.md"
checksum = "sha256:567f880216ec7b40be4507acd1a09bf3eee2c0ae0328c57c608375e5f6c2425d"
installed_at = ".agpm/snippets/local-deps/snippets/commands/squash.md"
dependencies = []
tool = "agpm"
install = false
template_vars = "{}"
applied_patches = {}

[[snippets]]
name = "snippets/commands/squash"
path = "local-deps/snippets/commands/squash.md"
checksum = "sha256:567f880216ec7b40be4507acd1a09bf3eee2c0ae0328c57c608375e5f6c2425d"
installed_at = ".claude/snippets/local-deps/snippets/commands/squash.md"
dependencies = []
tool = "claude-code"
install = false
template_vars = "{}"
applied_patches = {}

[[snippets]]
name = "snippets/commands/lint"
path = "local-deps/snippets/commands/lint.md"
checksum = "sha256:62c349c50b962ce52fd4861834200a2fccb8532fe35f4abf7506a781dce963ff"
installed_at = ".claude/snippets/local-deps/snippets/commands/lint.md"
dependencies = []
tool = "claude-code"
install = false
template_vars = "{}"
applied_patches = {}

[[snippets]]
name = "snippets/commands/lint"
path = "local-deps/snippets/commands/lint.md"
checksum = "sha256:62c349c50b962ce52fd4861834200a2fccb8532fe35f4abf7506a781dce963ff"
installed_at = ".agpm/snippets/local-deps/snippets/commands/lint.md"
dependencies = []
tool = "agpm"
install = false
template_vars = "{}"
applied_patches = {}

[[snippets]]
name = "snippets/commands/update-docstrings"
path = "local-deps/snippets/commands/update-docstrings.md"
checksum = "sha256:9f505280136a484d0ceb33d2a6fc9b30338a6d5f31b9f3080c8530df5a0181f6"
installed_at = ".claude/snippets/local-deps/snippets/commands/update-docstrings.md"
dependencies = []
tool = "claude-code"
install = false
template_vars = "{}"
applied_patches = {}

[[snippets]]
name = "snippets/commands/update-docstrings"
path = "local-deps/snippets/commands/update-docstrings.md"
checksum = "sha256:9f505280136a484d0ceb33d2a6fc9b30338a6d5f31b9f3080c8530df5a0181f6"
installed_at = ".agpm/snippets/local-deps/snippets/commands/update-docstrings.md"
dependencies = []
tool = "agpm"
install = false
template_vars = "{}"
applied_patches = {}

[[snippets]]
name = "snippets/commands/commit"
path = "local-deps/snippets/commands/commit.md"
checksum = "sha256:b215b4db4a408447a3442c3ff76481c7669595b18c07342022e6d61af19b9bbd"
installed_at = ".agpm/snippets/local-deps/snippets/commands/commit.md"
dependencies = []
tool = "agpm"
install = false
template_vars = "{}"
applied_patches = {}

[[snippets]]
name = "snippets/commands/commit"
path = "local-deps/snippets/commands/commit.md"
checksum = "sha256:b215b4db4a408447a3442c3ff76481c7669595b18c07342022e6d61af19b9bbd"
installed_at = ".claude/snippets/local-deps/snippets/commands/commit.md"
dependencies = []
tool = "claude-code"
install = false
template_vars = "{}"
applied_patches = {}

[[snippets]]
name = "snippets/commands/update-all"
path = "local-deps/snippets/commands/update-all.md"
checksum = "sha256:caf2f56de539faf55069109de739861e5824057fbca9cb3f989e6a94e64de7d2"
installed_at = ".agpm/snippets/local-deps/snippets/commands/update-all.md"
dependencies = []
tool = "agpm"
install = false
template_vars = "{}"
applied_patches = {}

[[snippets]]
name = "snippets/commands/update-all"
path = "local-deps/snippets/commands/update-all.md"
checksum = "sha256:caf2f56de539faf55069109de739861e5824057fbca9cb3f989e6a94e64de7d2"
installed_at = ".claude/snippets/local-deps/snippets/commands/update-all.md"
dependencies = []
tool = "claude-code"
install = false
template_vars = "{}"
applied_patches = {}

[[snippets]]
name = "snippets/commands/gh-pr-create"
path = "local-deps/snippets/commands/gh-pr-create.md"
checksum = "sha256:1499a242cee134d80edece61995d517478dbda643ecbea7c5ebde509437c14ac"
installed_at = ".agpm/snippets/local-deps/snippets/commands/gh-pr-create.md"
dependencies = []
tool = "agpm"
install = false
template_vars = "{}"
applied_patches = {}

[[snippets]]
name = "snippets/commands/gh-pr-create"
path = "local-deps/snippets/commands/gh-pr-create.md"
checksum = "sha256:1499a242cee134d80edece61995d517478dbda643ecbea7c5ebde509437c14ac"
installed_at = ".claude/snippets/local-deps/snippets/commands/gh-pr-create.md"
dependencies = []
tool = "claude-code"
install = false
template_vars = "{}"
applied_patches = {}

[[snippets]]
name = "snippets/commands/checkpoint"
path = "local-deps/snippets/commands/checkpoint.md"
checksum = "sha256:4442158f15493e04d48860639d479c1f504b0ae2991b938a09059f3a8379812e"
installed_at = ".agpm/snippets/local-deps/snippets/commands/checkpoint.md"
dependencies = []
tool = "agpm"
install = false
template_vars = "{}"
applied_patches = {}

[[snippets]]
name = "snippets/commands/checkpoint"
path = "local-deps/snippets/commands/checkpoint.md"
checksum = "sha256:4442158f15493e04d48860639d479c1f504b0ae2991b938a09059f3a8379812e"
installed_at = ".claude/snippets/local-deps/snippets/commands/checkpoint.md"
dependencies = []
tool = "claude-code"
install = false
template_vars = "{}"
applied_patches = {}

[[snippets]]
name = "snippets/commands/execute"
path = "local-deps/snippets/commands/execute.md"
checksum = "sha256:652874990cafdb5c3ad5d9e98e8e5b7355229de3b8ccf12326fbbb5bddf9f259"
installed_at = ".agpm/snippets/local-deps/snippets/commands/execute.md"
dependencies = []
tool = "agpm"
install = false
template_vars = "{}"
applied_patches = {}

[[snippets]]
name = "snippets/commands/execute"
path = "local-deps/snippets/commands/execute.md"
checksum = "sha256:652874990cafdb5c3ad5d9e98e8e5b7355229de3b8ccf12326fbbb5bddf9f259"
installed_at = ".claude/snippets/local-deps/snippets/commands/execute.md"
dependencies = []
tool = "claude-code"
install = false
template_vars = "{}"
applied_patches = {}

[[snippets]]
name = "snippets/commands/update-docs"
path = "local-deps/snippets/commands/update-docs.md"
checksum = "sha256:092be7b3cabd206ba5debdaabeff971cdfb5448c26b522f52b3f28f96e30dae8"
installed_at = ".agpm/snippets/local-deps/snippets/commands/update-docs.md"
dependencies = []
tool = "agpm"
install = false
template_vars = "{}"
applied_patches = {}

[[snippets]]
name = "snippets/commands/update-docs"
path = "local-deps/snippets/commands/update-docs.md"
checksum = "sha256:092be7b3cabd206ba5debdaabeff971cdfb5448c26b522f52b3f28f96e30dae8"
installed_at = ".claude/snippets/local-deps/snippets/commands/update-docs.md"
dependencies = []
tool = "claude-code"
install = false
template_vars = "{}"
applied_patches = {}

[[snippets]]
name = "snippets/rust-cargo-commands"
path = "local-deps/snippets/rust-cargo-commands.md"
checksum = "sha256:16c285ae6b58efbe90d674367ec6ddce2cdf7dd1d81b953e03a9bb9f3caa94b5"
installed_at = ".agpm/snippets/local-deps/snippets/rust-cargo-commands.md"
dependencies = []
tool = "agpm"
install = false
template_vars = "{}"
applied_patches = {}

[[snippets]]
name = "snippets/rust-cargo-commands"
path = "local-deps/snippets/rust-cargo-commands.md"
checksum = "sha256:16c285ae6b58efbe90d674367ec6ddce2cdf7dd1d81b953e03a9bb9f3caa94b5"
installed_at = ".claude/snippets/local-deps/snippets/rust-cargo-commands.md"
dependencies = []
tool = "claude-code"
install = false
template_vars = "{}"
applied_patches = {}

[[snippets]]
name = "snippets/agents/rust-troubleshooter-advanced"
path = "local-deps/snippets/agents/rust-troubleshooter-advanced.md"
checksum = "sha256:390b46b55711209a5b3612ed81766de775110de7cc005febd966f1c06494f40b"
installed_at = ".claude/snippets/local-deps/snippets/agents/rust-troubleshooter-advanced.md"
dependencies = [
    "snippet/snippets/rust-best-practices",
    "snippet/snippets/rust-cargo-commands",
]
tool = "claude-code"
install = false
template_vars = "{}"
applied_patches = {}

[[snippets]]
name = "snippets/agents/rust-troubleshooter-advanced"
path = "local-deps/snippets/agents/rust-troubleshooter-advanced.md"
checksum = "sha256:390b46b55711209a5b3612ed81766de775110de7cc005febd966f1c06494f40b"
installed_at = ".agpm/snippets/local-deps/snippets/agents/rust-troubleshooter-advanced.md"
dependencies = [
    "snippet/snippets/rust-best-practices",
    "snippet/snippets/rust-cargo-commands",
]
tool = "agpm"
install = false
template_vars = "{}"
applied_patches = {}

[[snippets]]
name = "snippets/agents/rust-doc-standard"
path = "local-deps/snippets/agents/rust-doc-standard.md"
checksum = "sha256:0497e7107384cab785355db6f9d21b111dd66f3f7b076faa28121adeb5c497a1"
installed_at = ".agpm/snippets/local-deps/snippets/agents/rust-doc-standard.md"
dependencies = [
    "snippet/snippets/rust-best-practices",
    "snippet/snippets/rust-cargo-commands",
]
tool = "agpm"
install = false
template_vars = "{}"
applied_patches = {}

[[snippets]]
name = "snippets/agents/rust-doc-standard"
path = "local-deps/snippets/agents/rust-doc-standard.md"
checksum = "sha256:0497e7107384cab785355db6f9d21b111dd66f3f7b076faa28121adeb5c497a1"
installed_at = ".claude/snippets/local-deps/snippets/agents/rust-doc-standard.md"
dependencies = [
    "snippet/snippets/rust-best-practices",
    "snippet/snippets/rust-cargo-commands",
]
tool = "claude-code"
install = false
template_vars = "{}"
applied_patches = {}

[[snippets]]
name = "snippets/agents/rust-test-standard"
path = "local-deps/snippets/agents/rust-test-standard.md"
checksum = "sha256:c84b43141b544247ba498f00b7c3f0614ef5666dfec93ba7809cded70098c6e0"
installed_at = ".claude/snippets/local-deps/snippets/agents/rust-test-standard.md"
dependencies = [
    "snippet/snippets/rust-best-practices",
    "snippet/snippets/rust-cargo-commands",
]
tool = "claude-code"
install = false
template_vars = "{}"
applied_patches = {}

[[snippets]]
name = "snippets/agents/rust-test-standard"
path = "local-deps/snippets/agents/rust-test-standard.md"
checksum = "sha256:c84b43141b544247ba498f00b7c3f0614ef5666dfec93ba7809cded70098c6e0"
installed_at = ".agpm/snippets/local-deps/snippets/agents/rust-test-standard.md"
dependencies = [
    "snippet/snippets/rust-best-practices",
    "snippet/snippets/rust-cargo-commands",
]
tool = "agpm"
install = false
template_vars = "{}"
applied_patches = {}

[[snippets]]
name = "snippets/agents/rust-expert-standard"
path = "local-deps/snippets/agents/rust-expert-standard.md"
checksum = "sha256:d7246e20b372120a47c89e873efd0f2c6418dac4ac60a736146edde1f30c5e77"
installed_at = ".claude/snippets/local-deps/snippets/agents/rust-expert-standard.md"
dependencies = [
    "snippet/snippets/rust-best-practices",
    "snippet/snippets/rust-cargo-commands",
]
tool = "claude-code"
install = false
template_vars = "{}"
applied_patches = {}

[[snippets]]
name = "snippets/agents/rust-expert-standard"
path = "local-deps/snippets/agents/rust-expert-standard.md"
checksum = "sha256:d7246e20b372120a47c89e873efd0f2c6418dac4ac60a736146edde1f30c5e77"
installed_at = ".agpm/snippets/local-deps/snippets/agents/rust-expert-standard.md"
dependencies = [
    "snippet/snippets/rust-best-practices",
    "snippet/snippets/rust-cargo-commands",
]
tool = "agpm"
install = false
template_vars = "{}"
applied_patches = {}

[[snippets]]
name = "snippets/agents/rust-expert-advanced"
path = "local-deps/snippets/agents/rust-expert-advanced.md"
checksum = "sha256:04d44c8aa76632714a593a994f829f7270df61ee09917d5bc9de455c15774abf"
installed_at = ".agpm/snippets/local-deps/snippets/agents/rust-expert-advanced.md"
dependencies = [
    "snippet/snippets/rust-best-practices",
    "snippet/snippets/rust-cargo-commands",
]
tool = "agpm"
install = false
template_vars = "{}"
applied_patches = {}

[[snippets]]
name = "snippets/agents/rust-expert-advanced"
path = "local-deps/snippets/agents/rust-expert-advanced.md"
checksum = "sha256:04d44c8aa76632714a593a994f829f7270df61ee09917d5bc9de455c15774abf"
installed_at = ".claude/snippets/local-deps/snippets/agents/rust-expert-advanced.md"
dependencies = [
    "snippet/snippets/rust-best-practices",
    "snippet/snippets/rust-cargo-commands",
]
tool = "claude-code"
install = false
template_vars = "{}"
applied_patches = {}

[[snippets]]
name = "snippets/agents/rust-doc-advanced"
path = "local-deps/snippets/agents/rust-doc-advanced.md"
checksum = "sha256:cb876c4ec014e394a8079dc49f4516d1a3f8a93d58c711ab236d326861ed6739"
installed_at = ".agpm/snippets/local-deps/snippets/agents/rust-doc-advanced.md"
dependencies = [
    "snippet/snippets/rust-best-practices",
    "snippet/snippets/rust-cargo-commands",
]
tool = "agpm"
install = false
template_vars = "{}"
applied_patches = {}

[[snippets]]
name = "snippets/agents/rust-doc-advanced"
path = "local-deps/snippets/agents/rust-doc-advanced.md"
checksum = "sha256:cb876c4ec014e394a8079dc49f4516d1a3f8a93d58c711ab236d326861ed6739"
installed_at = ".claude/snippets/local-deps/snippets/agents/rust-doc-advanced.md"
dependencies = [
    "snippet/snippets/rust-best-practices",
    "snippet/snippets/rust-cargo-commands",
]
tool = "claude-code"
install = false
template_vars = "{}"
applied_patches = {}

[[snippets]]
name = "snippets/agents/rust-troubleshooter-standard"
path = "local-deps/snippets/agents/rust-troubleshooter-standard.md"
checksum = "sha256:3ac99cc555350f63ee5895765f941f85ad0eecc9dd855065eb0de47ebc8e71a2"
installed_at = ".claude/snippets/local-deps/snippets/agents/rust-troubleshooter-standard.md"
dependencies = [
    "snippet/snippets/rust-best-practices",
    "snippet/snippets/rust-cargo-commands",
]
tool = "claude-code"
install = false
template_vars = "{}"
applied_patches = {}

[[snippets]]
name = "snippets/agents/rust-troubleshooter-standard"
path = "local-deps/snippets/agents/rust-troubleshooter-standard.md"
checksum = "sha256:3ac99cc555350f63ee5895765f941f85ad0eecc9dd855065eb0de47ebc8e71a2"
installed_at = ".agpm/snippets/local-deps/snippets/agents/rust-troubleshooter-standard.md"
dependencies = [
    "snippet/snippets/rust-best-practices",
    "snippet/snippets/rust-cargo-commands",
]
tool = "agpm"
install = false
template_vars = "{}"
applied_patches = {}

[[snippets]]
name = "snippets/agents/rust-test-advanced"
path = "local-deps/snippets/agents/rust-test-advanced.md"
checksum = "sha256:27badb8507c621c18ab36fadc11137ed1f7000bd558463a8567c2eb424b12a16"
installed_at = ".claude/snippets/local-deps/snippets/agents/rust-test-advanced.md"
dependencies = [
    "snippet/snippets/rust-best-practices",
    "snippet/snippets/rust-cargo-commands",
]
tool = "claude-code"
install = false
template_vars = "{}"
applied_patches = {}

[[snippets]]
name = "snippets/agents/rust-test-advanced"
path = "local-deps/snippets/agents/rust-test-advanced.md"
checksum = "sha256:27badb8507c621c18ab36fadc11137ed1f7000bd558463a8567c2eb424b12a16"
installed_at = ".agpm/snippets/local-deps/snippets/agents/rust-test-advanced.md"
dependencies = [
    "snippet/snippets/rust-best-practices",
    "snippet/snippets/rust-cargo-commands",
]
tool = "agpm"
install = false
template_vars = "{}"
applied_patches = {}

[[snippets]]
name = "snippets/agents/rust-linting-standard"
path = "local-deps/snippets/agents/rust-linting-standard.md"
checksum = "sha256:c1deb53afa05f171e8134c4814b28673a184d851546acee7001b1b43823c329e"
installed_at = ".claude/snippets/local-deps/snippets/agents/rust-linting-standard.md"
dependencies = [
    "snippet/snippets/rust-best-practices",
    "snippet/snippets/rust-cargo-commands",
]
tool = "claude-code"
install = false
template_vars = "{}"
applied_patches = {}

[[snippets]]
name = "snippets/agents/rust-linting-standard"
path = "local-deps/snippets/agents/rust-linting-standard.md"
checksum = "sha256:c1deb53afa05f171e8134c4814b28673a184d851546acee7001b1b43823c329e"
installed_at = ".agpm/snippets/local-deps/snippets/agents/rust-linting-standard.md"
dependencies = [
    "snippet/snippets/rust-best-practices",
    "snippet/snippets/rust-cargo-commands",
]
tool = "agpm"
install = false
template_vars = "{}"
applied_patches = {}

[[snippets]]
name = "snippets/agents/rust-linting-advanced"
path = "local-deps/snippets/agents/rust-linting-advanced.md"
checksum = "sha256:49e8beb9cdd96bbb5c8e946cb7f3446dffaff33bc1b200e53717e23c8bdb28a4"
installed_at = ".agpm/snippets/local-deps/snippets/agents/rust-linting-advanced.md"
dependencies = [
    "snippet/snippets/rust-best-practices",
    "snippet/snippets/rust-cargo-commands",
]
tool = "agpm"
install = false
template_vars = "{}"
applied_patches = {}

[[snippets]]
name = "snippets/agents/rust-linting-advanced"
path = "local-deps/snippets/agents/rust-linting-advanced.md"
checksum = "sha256:49e8beb9cdd96bbb5c8e946cb7f3446dffaff33bc1b200e53717e23c8bdb28a4"
installed_at = ".claude/snippets/local-deps/snippets/agents/rust-linting-advanced.md"
dependencies = [
    "snippet/snippets/rust-best-practices",
    "snippet/snippets/rust-cargo-commands",
]
tool = "claude-code"
install = false
template_vars = "{}"
applied_patches = {}

[[snippets]]
name = "snippets/agents/rust-expert"
path = "local-deps/snippets/agents/rust-expert.md"
checksum = "sha256:2552a6a642f244efd7edeb08fffaef82cc2657066713349715895402adcf9c17"
installed_at = ".agpm/snippets/local-deps/snippets/agents/rust-expert.md"
dependencies = [
    "snippet/snippets/rust-best-practices",
    "snippet/snippets/rust-cargo-commands",
]
tool = "agpm"
install = false
template_vars = "{}"
applied_patches = {}

[[commands]]
name = "opencode-fact-check-docs"
path = "local-deps/opencode/command/fact-check-docs.md"
checksum = "sha256:c446f6e0968ffbf6c5a1e7919634e5c610c6dd96ee9c9a0bde2dbce606a26efa"
installed_at = ".opencode/command/fact-check-docs.md"
dependencies = ["snippet/snippets/commands/fact-check-docs"]
tool = "opencode"
template_vars = "{}"
applied_patches = {}

[[commands]]
name = "update-claude"
path = "local-deps/claude/commands/update-claude.md"
checksum = "sha256:65c3623bcf21ae3b8aecc3ea768718b64ac1ce1175919f3c7d5e61072e9d6bb3"
installed_at = ".claude/commands/update-claude.md"
dependencies = ["snippet/snippets/commands/update-claude"]
tool = "claude-code"
template_vars = "{}"
applied_patches = {}

[[commands]]
name = "pr-self-review"
path = "local-deps/claude/commands/pr-self-review.md"
checksum = "sha256:c7d16418647e00bcbbbe6979b2d1d2e522262b709638a0d18ff5cffc2eeff48b"
installed_at = ".claude/commands/pr-self-review.md"
dependencies = ["snippet/snippets/commands/pr-self-review"]
tool = "claude-code"
template_vars = "{}"
applied_patches = {}

[[commands]]
name = "squash"
path = "local-deps/claude/commands/squash.md"
checksum = "sha256:9fdcf324ffa59b7fff68d1d0c886f4df7c49069f64316bfb4308698424bf9ec9"
installed_at = ".claude/commands/squash.md"
dependencies = ["snippet/snippets/commands/squash"]
tool = "claude-code"
template_vars = "{}"
applied_patches = {}

[[commands]]
name = "lint"
path = "local-deps/claude/commands/lint.md"
checksum = "sha256:8ed3f335ef2a5b81c7dc8ab263bd9a3ab95a2f9469c7039396dee6744448b688"
installed_at = ".claude/commands/lint.md"
dependencies = ["snippet/snippets/commands/lint"]
tool = "claude-code"
template_vars = "{}"
applied_patches = {}

[[commands]]
name = "opencode-update-docstrings"
path = "local-deps/opencode/command/update-docstrings.md"
checksum = "sha256:c1010e7f4bc7002d02574c83152a2b01f55602eb11c877d573719a4fd6fabd2e"
installed_at = ".opencode/command/update-docstrings.md"
dependencies = ["snippet/snippets/commands/update-docstrings"]
tool = "opencode"
template_vars = "{}"
applied_patches = {}

[[commands]]
name = "commit"
path = "local-deps/claude/commands/commit.md"
checksum = "sha256:da604e722cae7c7c1bb2dbb2fb8b0cc546ae44c2e2787a713209ce69b78a74db"
installed_at = ".claude/commands/commit.md"
dependencies = ["snippet/snippets/commands/commit"]
tool = "claude-code"
template_vars = "{}"
applied_patches = {}

[[commands]]
name = "opencode-update-all"
path = "local-deps/opencode/command/update-all.md"
checksum = "sha256:381c241dd6aaadb8670032f65b6cd3331bf930789de46bb9da484739f1a5d0c7"
installed_at = ".opencode/command/update-all.md"
dependencies = ["snippet/snippets/commands/update-all"]
tool = "opencode"
template_vars = "{}"
applied_patches = {}

[[commands]]
name = "opencode-gh-pr-create"
path = "local-deps/opencode/command/gh-pr-create.md"
checksum = "sha256:6a506275270e0f6a53ad7048fdc96aa3cf95b252b32c77f392793b18633e5195"
installed_at = ".opencode/command/gh-pr-create.md"
dependencies = ["snippet/snippets/commands/gh-pr-create"]
tool = "opencode"
template_vars = "{}"
applied_patches = {}

[[commands]]
name = "gh-pr-create"
path = "local-deps/claude/commands/gh-pr-create.md"
checksum = "sha256:91f05367024c4a890e30a009bb54a9a8089224a62e3eb8631e4e600869e1140d"
installed_at = ".claude/commands/gh-pr-create.md"
dependencies = ["snippet/snippets/commands/gh-pr-create"]
tool = "claude-code"
template_vars = "{}"
applied_patches = {}

[[commands]]
name = "opencode-squash"
path = "local-deps/opencode/command/squash.md"
checksum = "sha256:102fc33e061541bfbbdb6bc8163de3ab2ab7e6512346b478a15c038b27f3ed1e"
installed_at = ".opencode/command/squash.md"
dependencies = ["snippet/snippets/commands/squash"]
tool = "opencode"
template_vars = "{}"
applied_patches = {}

[[commands]]
name = "opencode-checkpoint"
path = "local-deps/opencode/command/checkpoint.md"
checksum = "sha256:999e84eec07261b6094b46f361ca922be8e8d605ef2dde36e8042ee20037a218"
installed_at = ".opencode/command/checkpoint.md"
dependencies = ["snippet/snippets/commands/checkpoint"]
tool = "opencode"
template_vars = "{}"
applied_patches = {}

[[commands]]
name = "execute"
path = "local-deps/claude/commands/execute.md"
checksum = "sha256:98c0d32ea44f4e991400479ead83f0eb2eadb0edbe63b7d660011bd626eeb8be"
installed_at = ".claude/commands/execute.md"
dependencies = ["snippet/snippets/commands/execute"]
tool = "claude-code"
template_vars = "{}"
applied_patches = {}

[[commands]]
name = "opencode-lint"
path = "local-deps/opencode/command/lint.md"
checksum = "sha256:0557f4522659132cb09d3d22566d2a7b3d3ff27cc50d01fdcc54c6baa00bb9d8"
installed_at = ".opencode/command/lint.md"
dependencies = ["snippet/snippets/commands/lint"]
tool = "opencode"
template_vars = "{}"
applied_patches = {}

[[commands]]
name = "opencode-pr-self-review"
path = "local-deps/opencode/command/pr-self-review.md"
checksum = "sha256:51b4c2715ad0dc44265eb179c892f4292f7717c42d65a813aa42d580c302937f"
installed_at = ".opencode/command/pr-self-review.md"
dependencies = ["snippet/snippets/commands/pr-self-review"]
tool = "opencode"
template_vars = "{}"
applied_patches = {}

[[commands]]
name = "opencode-update-docs"
path = "local-deps/opencode/command/update-docs.md"
checksum = "sha256:1e3db288fcc5601fe18b906f9a711220ec6bf2e749e0d21fe3180c171b3bf417"
installed_at = ".opencode/command/update-docs.md"
dependencies = ["snippet/snippets/commands/update-docs"]
tool = "opencode"
template_vars = "{}"
applied_patches = {}

[[commands]]
name = "update-docstrings"
path = "local-deps/claude/commands/update-docstrings.md"
checksum = "sha256:6175e74c1003d8b32aab04cfe3d97cd51e08d97c3796ece87df3d264ddc0921d"
installed_at = ".claude/commands/update-docstrings.md"
dependencies = ["snippet/snippets/commands/update-docstrings"]
tool = "claude-code"
template_vars = "{}"
applied_patches = {}

[[commands]]
name = "update-docs"
path = "local-deps/claude/commands/update-docs.md"
checksum = "sha256:990a19ba7d071fdea6f075e5d48a83e317b68133c5295bffd21ace4944d7ed29"
installed_at = ".claude/commands/update-docs.md"
dependencies = ["snippet/snippets/commands/update-docs"]
tool = "claude-code"
template_vars = "{}"
applied_patches = {}

[[commands]]
name = "update-all"
path = "local-deps/claude/commands/update-all.md"
checksum = "sha256:2ee80636e693f5929168d51d08dc26f4ea0702f77c81081935c3c3ce9b48ac85"
installed_at = ".claude/commands/update-all.md"
dependencies = ["snippet/snippets/commands/update-all"]
tool = "claude-code"
template_vars = "{}"
applied_patches = {}

[[commands]]
name = "opencode-commit"
path = "local-deps/opencode/command/commit.md"
checksum = "sha256:b6625f27b9ad2040f5194fd4a9d04627820ba3ded6569078a585c1e0ca687f6c"
installed_at = ".opencode/command/commit.md"
dependencies = ["snippet/snippets/commands/commit"]
tool = "opencode"
template_vars = "{}"
applied_patches = {}

[[commands]]
name = "checkpoint"
path = "local-deps/claude/commands/checkpoint.md"
checksum = "sha256:89f169a6716ec13b25e0ed09af76ad4bb3e609845c838089cb2590ae1657f7aa"
installed_at = ".claude/commands/checkpoint.md"
dependencies = ["snippet/snippets/commands/checkpoint"]
tool = "claude-code"
template_vars = "{}"
applied_patches = {}

[[commands]]
name = "opencode-update-claude"
path = "local-deps/opencode/command/update-claude.md"
checksum = "sha256:48e002638c5ed0f3b229360b54dd10ec0d8001b620a81d4e5b2f608924683956"
installed_at = ".opencode/command/update-claude.md"
dependencies = ["snippet/snippets/commands/update-claude"]
tool = "opencode"
template_vars = "{}"
applied_patches = {}

[[commands]]
name = "fact-check-docs"
path = "local-deps/claude/commands/fact-check-docs.md"
checksum = "sha256:6303d6673ea0af64fa9eeccc3fe5067b505714b27809072b5ff295c0678fcb5e"
installed_at = ".claude/commands/fact-check-docs.md"
dependencies = ["snippet/snippets/commands/fact-check-docs"]
tool = "claude-code"
template_vars = "{}"
applied_patches = {}

[[commands]]
name = "opencode-execute"
path = "local-deps/opencode/command/execute.md"
checksum = "sha256:c403a648f73e856ee2d7c5ea00542ef9b73ba545c8237e9688004b4b83ca366a"
installed_at = ".opencode/command/execute.md"
dependencies = ["snippet/snippets/commands/execute"]
tool = "opencode"
template_vars = "{}"
applied_patches = {}
